
Microsoft Visual Studio Solution File, Format Version 12.00
# Visual Studio Version 17
VisualStudioVersion = 17.10.35122.118
MinimumVisualStudioVersion = 10.0.40219.1
Project("{9A19103F-16F7-4668-BE54-9A1E7A4F7556}") = "Banco", "Denovo\Banco.csproj", "{EC044CC8-6672-4797-A2C2-0154CBF27742}"
EndProject
Global
	GlobalSection(SolutionConfigurationPlatforms) = preSolution
		Debug|Any CPU = Debug|Any CPU
		Release|Any CPU = Release|Any CPU
	EndGlobalSection
	GlobalSection(ProjectConfigurationPlatforms) = postSolution
		{EC044CC8-6672-4797-A2C2-0154CBF27742}.Debug|Any CPU.ActiveCfg = Debug|Any CPU
		{EC044CC8-6672-4797-A2C2-0154CBF27742}.Debug|Any CPU.Build.0 = Debug|Any CPU
		{EC044CC8-6672-4797-A2C2-0154CBF27742}.Release|Any CPU.ActiveCfg = Release|Any CPU
		{EC044CC8-6672-4797-A2C2-0154CBF27742}.Release|Any CPU.Build.0 = Release|Any CPU
	EndGlobalSection
	GlobalSection(SolutionProperties) = preSolution
		HideSolutionNode = FALSE
	EndGlobalSection
	GlobalSection(ExtensibilityGlobals) = postSolution
		SolutionGuid = {AF7BB8CE-FEB7-452F-95F3-C4E54AE301A6}
	EndGlobalSection
EndGlobal
